
Microsoft Visual Studio Solution File, Format Version 12.00
# Visual Studio Version 16
VisualStudioVersion = 16.0.31205.134
MinimumVisualStudioVersion = 10.0.40219.1
Project("{FAE04EC0-301F-11D3-BF4B-00C04F79EFBC}") = "计算RBD突变的12类表位逃逸分布情况", "计算RBD突变的12类表位逃逸分布情况.csproj", "{25516B60-DBD0-4A15-A464-D2C98F2A2F24}"
EndProject
Global
	GlobalSection(SolutionConfigurationPlatforms) = preSolution
		Debug|Any CPU = Debug|Any CPU
		Release|Any CPU = Release|Any CPU
	EndGlobalSection
	GlobalSection(ProjectConfigurationPlatforms) = postSolution
		{25516B60-DBD0-4A15-A464-D2C98F2A2F24}.Debug|Any CPU.ActiveCfg = Debug|Any CPU
		{25516B60-DBD0-4A15-A464-D2C98F2A2F24}.Debug|Any CPU.Build.0 = Debug|Any CPU
		{25516B60-DBD0-4A15-A464-D2C98F2A2F24}.Release|Any CPU.ActiveCfg = Release|Any CPU
		{25516B60-DBD0-4A15-A464-D2C98F2A2F24}.Release|Any CPU.Build.0 = Release|Any CPU
	EndGlobalSection
	GlobalSection(SolutionProperties) = preSolution
		HideSolutionNode = FALSE
	EndGlobalSection
	GlobalSection(ExtensibilityGlobals) = postSolution
		SolutionGuid = {B0E07886-3C15-4263-9FA9-3D0B643560D3}
	EndGlobalSection
EndGlobal
