
Microsoft Visual Studio Solution File, Format Version 12.00
# Visual Studio Version 16
VisualStudioVersion = 16.0.31205.134
MinimumVisualStudioVersion = 10.0.40219.1
Project("{FAE04EC0-301F-11D3-BF4B-00C04F79EFBC}") = "输出Spike序列所有可能的一步突变", "输出Spike序列所有可能的一步突变.csproj", "{D8378FA9-BDC7-4246-8793-5528B27E5D8F}"
EndProject
Global
	GlobalSection(SolutionConfigurationPlatforms) = preSolution
		Debug|Any CPU = Debug|Any CPU
		Release|Any CPU = Release|Any CPU
	EndGlobalSection
	GlobalSection(ProjectConfigurationPlatforms) = postSolution
		{D8378FA9-BDC7-4246-8793-5528B27E5D8F}.Debug|Any CPU.ActiveCfg = Debug|Any CPU
		{D8378FA9-BDC7-4246-8793-5528B27E5D8F}.Debug|Any CPU.Build.0 = Debug|Any CPU
		{D8378FA9-BDC7-4246-8793-5528B27E5D8F}.Release|Any CPU.ActiveCfg = Release|Any CPU
		{D8378FA9-BDC7-4246-8793-5528B27E5D8F}.Release|Any CPU.Build.0 = Release|Any CPU
	EndGlobalSection
	GlobalSection(SolutionProperties) = preSolution
		HideSolutionNode = FALSE
	EndGlobalSection
	GlobalSection(ExtensibilityGlobals) = postSolution
		SolutionGuid = {3500399F-F07B-4D38-9738-91E8EB32C457}
	EndGlobalSection
EndGlobal
